
Microsoft Visual Studio Solution File, Format Version 12.00
# Visual Studio Version 16
VisualStudioVersion = 16.0.29102.190
MinimumVisualStudioVersion = 10.0.40219.1
Project("{FAE04EC0-301F-11D3-BF4B-00C04F79EFBC}") = "Remainders", "Remainders\Remainders.csproj", "{B0A23799-DBD4-4924-A0A9-AFAC0F777F81}"
EndProject
Global
	GlobalSection(SolutionConfigurationPlatforms) = preSolution
		Debug|Any CPU = Debug|Any CPU
		Release|Any CPU = Release|Any CPU
	EndGlobalSection
	GlobalSection(ProjectConfigurationPlatforms) = postSolution
		{B0A23799-DBD4-4924-A0A9-AFAC0F777F81}.Debug|Any CPU.ActiveCfg = Debug|Any CPU
		{B0A23799-DBD4-4924-A0A9-AFAC0F777F81}.Debug|Any CPU.Build.0 = Debug|Any CPU
		{B0A23799-DBD4-4924-A0A9-AFAC0F777F81}.Release|Any CPU.ActiveCfg = Release|Any CPU
		{B0A23799-DBD4-4924-A0A9-AFAC0F777F81}.Release|Any CPU.Build.0 = Release|Any CPU
	EndGlobalSection
	GlobalSection(SolutionProperties) = preSolution
		HideSolutionNode = FALSE
	EndGlobalSection
	GlobalSection(ExtensibilityGlobals) = postSolution
		SolutionGuid = {696BD8C1-7C98-4E6C-A755-169CEBFE5767}
	EndGlobalSection
EndGlobal
