
Microsoft Visual Studio Solution File, Format Version 12.00
# Visual Studio Version 16
VisualStudioVersion = 16.0.29102.190
MinimumVisualStudioVersion = 10.0.40219.1
Project("{FAE04EC0-301F-11D3-BF4B-00C04F79EFBC}") = "Copying an Array", "Copying an Array\Copying an Array.csproj", "{B3391EA1-D480-4AD1-B787-45E9E6A155CC}"
EndProject
Global
	GlobalSection(SolutionConfigurationPlatforms) = preSolution
		Debug|Any CPU = Debug|Any CPU
		Release|Any CPU = Release|Any CPU
	EndGlobalSection
	GlobalSection(ProjectConfigurationPlatforms) = postSolution
		{B3391EA1-D480-4AD1-B787-45E9E6A155CC}.Debug|Any CPU.ActiveCfg = Debug|Any CPU
		{B3391EA1-D480-4AD1-B787-45E9E6A155CC}.Debug|Any CPU.Build.0 = Debug|Any CPU
		{B3391EA1-D480-4AD1-B787-45E9E6A155CC}.Release|Any CPU.ActiveCfg = Release|Any CPU
		{B3391EA1-D480-4AD1-B787-45E9E6A155CC}.Release|Any CPU.Build.0 = Release|Any CPU
	EndGlobalSection
	GlobalSection(SolutionProperties) = preSolution
		HideSolutionNode = FALSE
	EndGlobalSection
	GlobalSection(ExtensibilityGlobals) = postSolution
		SolutionGuid = {D04397DB-D9C2-4A54-A44B-4BFF89FACE66}
	EndGlobalSection
EndGlobal
